
Microsoft Visual Studio Solution File, Format Version 12.00
# Visual Studio Version 17
VisualStudioVersion = 17.2.32408.312
MinimumVisualStudioVersion = 10.0.40219.1
Project("{9A19103F-16F7-4668-BE54-9A1E7A4F7556}") = "Zadanie1", "Zadanie1\Zadanie1.csproj", "{FE1F5FB9-268E-4902-B834-3BA3C7054766}"
EndProject
Project("{FAE04EC0-301F-11D3-BF4B-00C04F79EFBC}") = "Zadanie1UnitTests", "Zadanie1UnitTests\Zadanie1UnitTests.csproj", "{B751C280-5D43-4D08-AA7F-E72334FC2035}"
EndProject
Global
	GlobalSection(SolutionConfigurationPlatforms) = preSolution
		Debug|Any CPU = Debug|Any CPU
		Release|Any CPU = Release|Any CPU
	EndGlobalSection
	GlobalSection(ProjectConfigurationPlatforms) = postSolution
		{FE1F5FB9-268E-4902-B834-3BA3C7054766}.Debug|Any CPU.ActiveCfg = Debug|Any CPU
		{FE1F5FB9-268E-4902-B834-3BA3C7054766}.Debug|Any CPU.Build.0 = Debug|Any CPU
		{FE1F5FB9-268E-4902-B834-3BA3C7054766}.Release|Any CPU.ActiveCfg = Release|Any CPU
		{FE1F5FB9-268E-4902-B834-3BA3C7054766}.Release|Any CPU.Build.0 = Release|Any CPU
		{B751C280-5D43-4D08-AA7F-E72334FC2035}.Debug|Any CPU.ActiveCfg = Debug|Any CPU
		{B751C280-5D43-4D08-AA7F-E72334FC2035}.Debug|Any CPU.Build.0 = Debug|Any CPU
		{B751C280-5D43-4D08-AA7F-E72334FC2035}.Release|Any CPU.ActiveCfg = Release|Any CPU
		{B751C280-5D43-4D08-AA7F-E72334FC2035}.Release|Any CPU.Build.0 = Release|Any CPU
	EndGlobalSection
	GlobalSection(SolutionProperties) = preSolution
		HideSolutionNode = FALSE
	EndGlobalSection
	GlobalSection(ExtensibilityGlobals) = postSolution
		SolutionGuid = {3819ED00-FAB2-46BD-9882-9A4B7DEB8086}
	EndGlobalSection
EndGlobal
