
Microsoft Visual Studio Solution File, Format Version 12.00
# Visual Studio Version 17
VisualStudioVersion = 17.2.32408.312
MinimumVisualStudioVersion = 10.0.40219.1
Project("{9A19103F-16F7-4668-BE54-9A1E7A4F7556}") = "Zadanie2", "Zadanie2\Zadanie2.csproj", "{3B4BB024-13C3-495B-B0E1-4820C1A6EE89}"
EndProject
Project("{FAE04EC0-301F-11D3-BF4B-00C04F79EFBC}") = "Zadanie2UnitTests", "Zadanie2UnitTests\Zadanie2UnitTests.csproj", "{C598DB81-1617-43D3-A9DC-8ECF67350345}"
EndProject
Global
	GlobalSection(SolutionConfigurationPlatforms) = preSolution
		Debug|Any CPU = Debug|Any CPU
		Release|Any CPU = Release|Any CPU
	EndGlobalSection
	GlobalSection(ProjectConfigurationPlatforms) = postSolution
		{3B4BB024-13C3-495B-B0E1-4820C1A6EE89}.Debug|Any CPU.ActiveCfg = Debug|Any CPU
		{3B4BB024-13C3-495B-B0E1-4820C1A6EE89}.Debug|Any CPU.Build.0 = Debug|Any CPU
		{3B4BB024-13C3-495B-B0E1-4820C1A6EE89}.Release|Any CPU.ActiveCfg = Release|Any CPU
		{3B4BB024-13C3-495B-B0E1-4820C1A6EE89}.Release|Any CPU.Build.0 = Release|Any CPU
		{C598DB81-1617-43D3-A9DC-8ECF67350345}.Debug|Any CPU.ActiveCfg = Debug|Any CPU
		{C598DB81-1617-43D3-A9DC-8ECF67350345}.Debug|Any CPU.Build.0 = Debug|Any CPU
		{C598DB81-1617-43D3-A9DC-8ECF67350345}.Release|Any CPU.ActiveCfg = Release|Any CPU
		{C598DB81-1617-43D3-A9DC-8ECF67350345}.Release|Any CPU.Build.0 = Release|Any CPU
	EndGlobalSection
	GlobalSection(SolutionProperties) = preSolution
		HideSolutionNode = FALSE
	EndGlobalSection
	GlobalSection(ExtensibilityGlobals) = postSolution
		SolutionGuid = {D6F2921E-0A43-4EDD-979C-3BF535994E55}
	EndGlobalSection
EndGlobal
